
Microsoft Visual Studio Solution File, Format Version 12.00
# Visual Studio Version 17
VisualStudioVersion = 17.6.33712.159
MinimumVisualStudioVersion = 10.0.40219.1
Project("{FAE04EC0-301F-11D3-BF4B-00C04F79EFBC}") = "UsuariosApi", "UsuariosApi\UsuariosApi.csproj", "{323123AD-7577-4822-BD0C-244D85A6F75F}"
EndProject
Global
	GlobalSection(SolutionConfigurationPlatforms) = preSolution
		Debug|Any CPU = Debug|Any CPU
		Release|Any CPU = Release|Any CPU
	EndGlobalSection
	GlobalSection(ProjectConfigurationPlatforms) = postSolution
		{323123AD-7577-4822-BD0C-244D85A6F75F}.Debug|Any CPU.ActiveCfg = Debug|Any CPU
		{323123AD-7577-4822-BD0C-244D85A6F75F}.Debug|Any CPU.Build.0 = Debug|Any CPU
		{323123AD-7577-4822-BD0C-244D85A6F75F}.Release|Any CPU.ActiveCfg = Release|Any CPU
		{323123AD-7577-4822-BD0C-244D85A6F75F}.Release|Any CPU.Build.0 = Release|Any CPU
	EndGlobalSection
	GlobalSection(SolutionProperties) = preSolution
		HideSolutionNode = FALSE
	EndGlobalSection
	GlobalSection(ExtensibilityGlobals) = postSolution
		SolutionGuid = {E40D0354-78AC-45A1-B640-8C6823D22213}
	EndGlobalSection
EndGlobal
